
Microsoft Visual Studio Solution File, Format Version 12.00
# Visual Studio 2012
Project("{FAE04EC0-301F-11D3-BF4B-00C04F79EFBC}") = "labb1.1", "labb1.1\labb1.1.csproj", "{BB49FA0B-BC5B-4A5C-82FE-AF92D35012AB}"
EndProject
Global
	GlobalSection(SolutionConfigurationPlatforms) = preSolution
		Debug|Any CPU = Debug|Any CPU
		Release|Any CPU = Release|Any CPU
	EndGlobalSection
	GlobalSection(ProjectConfigurationPlatforms) = postSolution
		{BB49FA0B-BC5B-4A5C-82FE-AF92D35012AB}.Debug|Any CPU.ActiveCfg = Debug|Any CPU
		{BB49FA0B-BC5B-4A5C-82FE-AF92D35012AB}.Debug|Any CPU.Build.0 = Debug|Any CPU
		{BB49FA0B-BC5B-4A5C-82FE-AF92D35012AB}.Release|Any CPU.ActiveCfg = Release|Any CPU
		{BB49FA0B-BC5B-4A5C-82FE-AF92D35012AB}.Release|Any CPU.Build.0 = Release|Any CPU
	EndGlobalSection
	GlobalSection(SolutionProperties) = preSolution
		HideSolutionNode = FALSE
	EndGlobalSection
EndGlobal
